
Microsoft Visual Studio Solution File, Format Version 12.00
# Visual Studio Version 17
VisualStudioVersion = 17.9.34622.214
MinimumVisualStudioVersion = 10.0.40219.1
Project("{FAE04EC0-301F-11D3-BF4B-00C04F79EFBC}") = "GameTally", "GameTally\GameTally.csproj", "{DEA77B4F-72AF-44F1-B11A-0EC3844FE4DB}"
EndProject
Project("{FAE04EC0-301F-11D3-BF4B-00C04F79EFBC}") = "wAPI", "wAPI\wAPI.csproj", "{CD0B18C6-AEC6-4F80-936B-76D0F0C1A08A}"
EndProject
Global
	GlobalSection(SolutionConfigurationPlatforms) = preSolution
		Debug|Any CPU = Debug|Any CPU
		Release|Any CPU = Release|Any CPU
	EndGlobalSection
	GlobalSection(ProjectConfigurationPlatforms) = postSolution
		{DEA77B4F-72AF-44F1-B11A-0EC3844FE4DB}.Debug|Any CPU.ActiveCfg = Debug|Any CPU
		{DEA77B4F-72AF-44F1-B11A-0EC3844FE4DB}.Debug|Any CPU.Build.0 = Debug|Any CPU
		{DEA77B4F-72AF-44F1-B11A-0EC3844FE4DB}.Release|Any CPU.ActiveCfg = Release|Any CPU
		{DEA77B4F-72AF-44F1-B11A-0EC3844FE4DB}.Release|Any CPU.Build.0 = Release|Any CPU
		{CD0B18C6-AEC6-4F80-936B-76D0F0C1A08A}.Debug|Any CPU.ActiveCfg = Debug|Any CPU
		{CD0B18C6-AEC6-4F80-936B-76D0F0C1A08A}.Debug|Any CPU.Build.0 = Debug|Any CPU
		{CD0B18C6-AEC6-4F80-936B-76D0F0C1A08A}.Release|Any CPU.ActiveCfg = Release|Any CPU
		{CD0B18C6-AEC6-4F80-936B-76D0F0C1A08A}.Release|Any CPU.Build.0 = Release|Any CPU
	EndGlobalSection
	GlobalSection(SolutionProperties) = preSolution
		HideSolutionNode = FALSE
	EndGlobalSection
	GlobalSection(ExtensibilityGlobals) = postSolution
		SolutionGuid = {47F5B1F4-0870-4C35-A2A3-C385267C8888}
	EndGlobalSection
EndGlobal
